
Microsoft Visual Studio Solution File, Format Version 12.00
# Visual Studio Version 17
VisualStudioVersion = 17.9.34728.123
MinimumVisualStudioVersion = 10.0.40219.1
Project("{FAE04EC0-301F-11D3-BF4B-00C04F79EFBC}") = "WpfAppMaze", "WpfAppMaze.csproj", "{B9168D42-CD48-44B3-836E-DFB4DABB329A}"
EndProject
Global
	GlobalSection(SolutionConfigurationPlatforms) = preSolution
		Debug|Any CPU = Debug|Any CPU
		Release|Any CPU = Release|Any CPU
	EndGlobalSection
	GlobalSection(ProjectConfigurationPlatforms) = postSolution
		{B9168D42-CD48-44B3-836E-DFB4DABB329A}.Debug|Any CPU.ActiveCfg = Debug|Any CPU
		{B9168D42-CD48-44B3-836E-DFB4DABB329A}.Debug|Any CPU.Build.0 = Debug|Any CPU
		{B9168D42-CD48-44B3-836E-DFB4DABB329A}.Release|Any CPU.ActiveCfg = Release|Any CPU
		{B9168D42-CD48-44B3-836E-DFB4DABB329A}.Release|Any CPU.Build.0 = Release|Any CPU
	EndGlobalSection
	GlobalSection(SolutionProperties) = preSolution
		HideSolutionNode = FALSE
	EndGlobalSection
	GlobalSection(ExtensibilityGlobals) = postSolution
		SolutionGuid = {5A26698E-D6B5-4BE0-AAC1-6C00953CBEE0}
	EndGlobalSection
EndGlobal
